
Microsoft Visual Studio Solution File, Format Version 12.00
# Visual Studio 15
VisualStudioVersion = 15.0.28307.271
MinimumVisualStudioVersion = 10.0.40219.1
Project("{FAE04EC0-301F-11D3-BF4B-00C04F79EFBC}") = "QuizRegisterApp", "QuizRegisterApp\QuizRegisterApp.csproj", "{20C0CA59-13EF-465B-BE6E-406316A9AC7A}"
EndProject
Global
	GlobalSection(SolutionConfigurationPlatforms) = preSolution
		Debug|Any CPU = Debug|Any CPU
		Release|Any CPU = Release|Any CPU
	EndGlobalSection
	GlobalSection(ProjectConfigurationPlatforms) = postSolution
		{20C0CA59-13EF-465B-BE6E-406316A9AC7A}.Debug|Any CPU.ActiveCfg = Debug|Any CPU
		{20C0CA59-13EF-465B-BE6E-406316A9AC7A}.Debug|Any CPU.Build.0 = Debug|Any CPU
		{20C0CA59-13EF-465B-BE6E-406316A9AC7A}.Release|Any CPU.ActiveCfg = Release|Any CPU
		{20C0CA59-13EF-465B-BE6E-406316A9AC7A}.Release|Any CPU.Build.0 = Release|Any CPU
	EndGlobalSection
	GlobalSection(SolutionProperties) = preSolution
		HideSolutionNode = FALSE
	EndGlobalSection
	GlobalSection(ExtensibilityGlobals) = postSolution
		SolutionGuid = {370CEB1F-4CB6-4BDD-BFFC-333B356852E0}
	EndGlobalSection
EndGlobal
